// !$*UTF8*$!
{
	archiveVersion = 1;
	classes = {
	};
	objectVersion = 46;
	objects = {

/* Begin PBXBuildFile section */
		034AA7391C9C504E00DB04D0 /* Move.swift in Sources */ = {isa = PBXBuildFile; fileRef = 034AA7381C9C504E00DB04D0 /* Move.swift */; };
		03B9E21D1C9C4D650027E68B /* AppDelegate.swift in Sources */ = {isa = PBXBuildFile; fileRef = 03B9E21C1C9C4D650027E68B /* AppDelegate.swift */; };
		03B9E21F1C9C4D650027E68B /* GameScene.swift in Sources */ = {isa = PBXBuildFile; fileRef = 03B9E21E1C9C4D650027E68B /* GameScene.swift */; };
		03B9E2231C9C4D650027E68B /* Assets.xcassets in Resources */ = {isa = PBXBuildFile; fileRef = 03B9E2221C9C4D650027E68B /* Assets.xcassets */; };
		03B9E2261C9C4D650027E68B /* MainMenu.xib in Resources */ = {isa = PBXBuildFile; fileRef = 03B9E2241C9C4D650027E68B /* MainMenu.xib */; };
		03B9E2331C9C4DB90027E68B /* Board.swift in Sources */ = {isa = PBXBuildFile; fileRef = 03B9E2321C9C4DB90027E68B /* Board.swift */; };
		03B9E2351C9C4DE30027E68B /* Player.swift in Sources */ = {isa = PBXBuildFile; fileRef = 03B9E2341C9C4DE30027E68B /* Player.swift */; };
		03B9E2371C9C4E000027E68B /* Mark.swift in Sources */ = {isa = PBXBuildFile; fileRef = 03B9E2361C9C4E000027E68B /* Mark.swift */; };
/* End PBXBuildFile section */

/* Begin PBXFileReference section */
		034AA7381C9C504E00DB04D0 /* Move.swift */ = {isa = PBXFileReference; fileEncoding = 4; lastKnownFileType = sourcecode.swift; path = Move.swift; sourceTree = "<group>"; };
		03B9E2191C9C4D650027E68B /* TicTacToe.app */ = {isa = PBXFileReference; explicitFileType = wrapper.application; includeInIndex = 0; path = TicTacToe.app; sourceTree = BUILT_PRODUCTS_DIR; };
		03B9E21C1C9C4D650027E68B /* AppDelegate.swift */ = {isa = PBXFileReference; lastKnownFileType = sourcecode.swift; path = AppDelegate.swift; sourceTree = "<group>"; };
		03B9E21E1C9C4D650027E68B /* GameScene.swift */ = {isa = PBXFileReference; lastKnownFileType = sourcecode.swift; path = GameScene.swift; sourceTree = "<group>"; };
		03B9E2221C9C4D650027E68B /* Assets.xcassets */ = {isa = PBXFileReference; lastKnownFileType = folder.assetcatalog; path = Assets.xcassets; sourceTree = "<group>"; };
		03B9E2251C9C4D650027E68B /* Base */ = {isa = PBXFileReference; lastKnownFileType = file.xib; name = Base; path = Base.lproj/MainMenu.xib; sourceTree = "<group>"; };
		03B9E2271C9C4D650027E68B /* Info.plist */ = {isa = PBXFileReference; lastKnownFileType = text.plist.xml; path = Info.plist; sourceTree = "<group>"; };
		03B9E2321C9C4DB90027E68B /* Board.swift */ = {isa = PBXFileReference; fileEncoding = 4; lastKnownFileType = sourcecode.swift; path = Board.swift; sourceTree = "<group>"; };
		03B9E2341C9C4DE30027E68B /* Player.swift */ = {isa = PBXFileReference; fileEncoding = 4; lastKnownFileType = sourcecode.swift; path = Player.swift; sourceTree = "<group>"; };
		03B9E2361C9C4E000027E68B /* Mark.swift */ = {isa = PBXFileReference; fileEncoding = 4; lastKnownFileType = sourcecode.swift; path = Mark.swift; sourceTree = "<group>"; };
/* End PBXFileReference section */

/* Begin PBXFrameworksBuildPhase section */
		03B9E2161C9C4D650027E68B /* Frameworks */ = {
			isa = PBXFrameworksBuildPhase;
			buildActionMask = 2147483647;
			files = (
			);
			runOnlyForDeploymentPostprocessing = 0;
		};
/* End PBXFrameworksBuildPhase section */

/* Begin PBXGroup section */
		03B9E2101C9C4D650027E68B = {
			isa = PBXGroup;
			children = (
				03B9E21B1C9C4D650027E68B /* TicTacToe */,
				03B9E21A1C9C4D650027E68B /* Products */,
			);
			sourceTree = "<group>";
		};
		03B9E21A1C9C4D650027E68B /* Products */ = {
			isa = PBXGroup;
			children = (
				03B9E2191C9C4D650027E68B /* TicTacToe.app */,
			);
			name = Products;
			sourceTree = "<group>";
		};
		03B9E21B1C9C4D650027E68B /* TicTacToe */ = {
			isa = PBXGroup;
			children = (
				03B9E2311C9C4D9D0027E68B /* Classes */,
				03B9E22F1C9C4D8C0027E68B /* Models */,
				03B9E22D1C9C4D760027E68B /* Scenes */,
				03B9E2301C9C4D9A0027E68B /* Support */,
			);
			path = TicTacToe;
			sourceTree = "<group>";
		};
		03B9E22D1C9C4D760027E68B /* Scenes */ = {
			isa = PBXGroup;
			children = (
				03B9E21E1C9C4D650027E68B /* GameScene.swift */,
			);
			name = Scenes;
			sourceTree = "<group>";
		};
		03B9E22F1C9C4D8C0027E68B /* Models */ = {
			isa = PBXGroup;
			children = (
				03B9E2321C9C4DB90027E68B /* Board.swift */,
				03B9E2341C9C4DE30027E68B /* Player.swift */,
				03B9E2361C9C4E000027E68B /* Mark.swift */,
				034AA7381C9C504E00DB04D0 /* Move.swift */,
			);
			name = Models;
			sourceTree = "<group>";
		};
		03B9E2301C9C4D9A0027E68B /* Support */ = {
			isa = PBXGroup;
			children = (
				03B9E2221C9C4D650027E68B /* Assets.xcassets */,
				03B9E2241C9C4D650027E68B /* MainMenu.xib */,
				03B9E2271C9C4D650027E68B /* Info.plist */,
			);
			name = Support;
			sourceTree = "<group>";
		};
		03B9E2311C9C4D9D0027E68B /* Classes */ = {
			isa = PBXGroup;
			children = (
				03B9E21C1C9C4D650027E68B /* AppDelegate.swift */,
			);
			name = Classes;
			sourceTree = "<group>";
		};
/* End PBXGroup section */

/* Begin PBXNativeTarget section */
		03B9E2181C9C4D650027E68B /* TicTacToe */ = {
			isa = PBXNativeTarget;
			buildConfigurationList = 03B9E22A1C9C4D650027E68B /* Build configuration list for PBXNativeTarget "TicTacToe" */;
			buildPhases = (
				03B9E2151C9C4D650027E68B /* Sources */,
				03B9E2161C9C4D650027E68B /* Frameworks */,
				03B9E2171C9C4D650027E68B /* Resources */,
			);
			buildRules = (
			);
			dependencies = (
			);
			name = TicTacToe;
			productName = TicTacToe;
			productReference = 03B9E2191C9C4D650027E68B /* TicTacToe.app */;
			productType = "com.apple.product-type.application";
		};
/* End PBXNativeTarget section */

/* Begin PBXProject section */
		03B9E2111C9C4D650027E68B /* Project object */ = {
			isa = PBXProject;
			attributes = {
				LastSwiftUpdateCheck = 0720;
				LastUpgradeCheck = 0720;
				ORGANIZATIONNAME = sizeof.io;
				TargetAttributes = {
					03B9E2181C9C4D650027E68B = {
						CreatedOnToolsVersion = 7.2.1;
					};
				};
			};
			buildConfigurationList = 03B9E2141C9C4D650027E68B /* Build configuration list for PBXProject "TicTacToe" */;
			compatibilityVersion = "Xcode 3.2";
			developmentRegion = English;
			hasScannedForEncodings = 0;
			knownRegions = (
				en,
				Base,
			);
			mainGroup = 03B9E2101C9C4D650027E68B;
			productRefGroup = 03B9E21A1C9C4D650027E68B /* Products */;
			projectDirPath = "";
			projectRoot = "";
			targets = (
				03B9E2181C9C4D650027E68B /* TicTacToe */,
			);
		};
/* End PBXProject section */

/* Begin PBXResourcesBuildPhase section */
		03B9E2171C9C4D650027E68B /* Resources */ = {
			isa = PBXResourcesBuildPhase;
			buildActionMask = 2147483647;
			files = (
				03B9E2231C9C4D650027E68B /* Assets.xcassets in Resources */,
				03B9E2261C9C4D650027E68B /* MainMenu.xib in Resources */,
			);
			runOnlyForDeploymentPostprocessing = 0;
		};
/* End PBXResourcesBuildPhase section */

/* Begin PBXSourcesBuildPhase section */
		03B9E2151C9C4D650027E68B /* Sources */ = {
			isa = PBXSourcesBuildPhase;
			buildActionMask = 2147483647;
			files = (
				03B9E2351C9C4DE30027E68B /* Player.swift in Sources */,
				03B9E21F1C9C4D650027E68B /* GameScene.swift in Sources */,
				03B9E21D1C9C4D650027E68B /* AppDelegate.swift in Sources */,
				03B9E2331C9C4DB90027E68B /* Board.swift in Sources */,
				034AA7391C9C504E00DB04D0 /* Move.swift in Sources */,
				03B9E2371C9C4E000027E68B /* Mark.swift in Sources */,
			);
			runOnlyForDeploymentPostprocessing = 0;
		};
/* End PBXSourcesBuildPhase section */

/* Begin PBXVariantGroup section */
		03B9E2241C9C4D650027E68B /* MainMenu.xib */ = {
			isa = PBXVariantGroup;
			children = (
				03B9E2251C9C4D650027E68B /* Base */,
			);
			name = MainMenu.xib;
			sourceTree = "<group>";
		};
/* End PBXVariantGroup section */

/* Begin XCBuildConfiguration section */
		03B9E2281C9C4D650027E68B /* Debug */ = {
			isa = XCBuildConfiguration;
			buildSettings = {
				ALWAYS_SEARCH_USER_PATHS = NO;
				CLANG_CXX_LANGUAGE_STANDARD = "gnu++0x";
				CLANG_CXX_LIBRARY = "libc++";
				CLANG_ENABLE_MODULES = YES;
				CLANG_ENABLE_OBJC_ARC = YES;
				CLANG_WARN_BOOL_CONVERSION = YES;
				CLANG_WARN_CONSTANT_CONVERSION = YES;
				CLANG_WARN_DIRECT_OBJC_ISA_USAGE = YES_ERROR;
				CLANG_WARN_EMPTY_BODY = YES;
				CLANG_WARN_ENUM_CONVERSION = YES;
				CLANG_WARN_INT_CONVERSION = YES;
				CLANG_WARN_OBJC_ROOT_CLASS = YES_ERROR;
				CLANG_WARN_UNREACHABLE_CODE = YES;
				CLANG_WARN__DUPLICATE_METHOD_MATCH = YES;
				CODE_SIGN_IDENTITY = "-";
				COPY_PHASE_STRIP = NO;
				DEBUG_INFORMATION_FORMAT = "dwarf-with-dsym";
				ENABLE_STRICT_OBJC_MSGSEND = YES;
				ENABLE_TESTABILITY = YES;
				GCC_C_LANGUAGE_STANDARD = gnu99;
				GCC_DYNAMIC_NO_PIC = NO;
				GCC_NO_COMMON_BLOCKS = YES;
				GCC_OPTIMIZATION_LEVEL = 0;
				GCC_PREPROCESSOR_DEFINITIONS = (
					"DEBUG=1",
					"$(inherited)",
				);
				GCC_WARN_64_TO_32_BIT_CONVERSION = YES;
				GCC_WARN_ABOUT_RETURN_TYPE = YES_ERROR;
				GCC_WARN_UNDECLARED_SELECTOR = YES;
				GCC_WARN_UNINITIALIZED_AUTOS = YES_AGGRESSIVE;
				GCC_WARN_UNUSED_FUNCTION = YES;
				GCC_WARN_UNUSED_VARIABLE = YES;
				MACOSX_DEPLOYMENT_TARGET = 10.11;
				MTL_ENABLE_DEBUG_INFO = YES;
				ONLY_ACTIVE_ARCH = YES;
				SDKROOT = macosx;
				SWIFT_OPTIMIZATION_LEVEL = "-Onone";
			};
			name = Debug;
		};
		03B9E2291C9C4D650027E68B /* Release */ = {
			isa = XCBuildConfiguration;
			buildSettings = {
				ALWAYS_SEARCH_USER_PATHS = NO;
				CLANG_CXX_LANGUAGE_STANDARD = "gnu++0x";
				CLANG_CXX_LIBRARY = "libc++";
				CLANG_ENABLE_MODULES = YES;
				CLANG_ENABLE_OBJC_ARC = YES;
				CLANG_WARN_BOOL_CONVERSION = YES;
				CLANG_WARN_CONSTANT_CONVERSION = YES;
				CLANG_WARN_DIRECT_OBJC_ISA_USAGE = YES_ERROR;
				CLANG_WARN_EMPTY_BODY = YES;
				CLANG_WARN_ENUM_CONVERSION = YES;
				CLANG_WARN_INT_CONVERSION = YES;
				CLANG_WARN_OBJC_ROOT_CLASS = YES_ERROR;
				CLANG_WARN_UNREACHABLE_CODE = YES;
				CLANG_WARN__DUPLICATE_METHOD_MATCH = YES;
				CODE_SIGN_IDENTITY = "-";
				COPY_PHASE_STRIP = NO;
				DEBUG_INFORMATION_FORMAT = "dwarf-with-dsym";
				ENABLE_NS_ASSERTIONS = NO;
				ENABLE_STRICT_OBJC_MSGSEND = YES;
				GCC_C_LANGUAGE_STANDARD = gnu99;
				GCC_NO_COMMON_BLOCKS = YES;
				GCC_WARN_64_TO_32_BIT_CONVERSION = YES;
				GCC_WARN_ABOUT_RETURN_TYPE = YES_ERROR;
				GCC_WARN_UNDECLARED_SELECTOR = YES;
				GCC_WARN_UNINITIALIZED_AUTOS = YES_AGGRESSIVE;
				GCC_WARN_UNUSED_FUNCTION = YES;
				GCC_WARN_UNUSED_VARIABLE = YES;
				MACOSX_DEPLOYMENT_TARGET = 10.11;
				MTL_ENABLE_DEBUG_INFO = NO;
				SDKROOT = macosx;
			};
			name = Release;
		};
		03B9E22B1C9C4D650027E68B /* Debug */ = {
			isa = XCBuildConfiguration;
			buildSettings = {
				ASSETCATALOG_COMPILER_APPICON_NAME = AppIcon;
				COMBINE_HIDPI_IMAGES = YES;
				INFOPLIST_FILE = TicTacToe/Info.plist;
				LD_RUNPATH_SEARCH_PATHS = "$(inherited) @executable_path/../Frameworks";
				PRODUCT_BUNDLE_IDENTIFIER = io.sizeof.TicTacToe;
				PRODUCT_NAME = "$(TARGET_NAME)";
			};
			name = Debug;
		};
		03B9E22C1C9C4D650027E68B /* Release */ = {
			isa = XCBuildConfiguration;
			buildSettings = {
				ASSETCATALOG_COMPILER_APPICON_NAME = AppIcon;
				COMBINE_HIDPI_IMAGES = YES;
				INFOPLIST_FILE = TicTacToe/Info.plist;
				LD_RUNPATH_SEARCH_PATHS = "$(inherited) @executable_path/../Frameworks";
				PRODUCT_BUNDLE_IDENTIFIER = io.sizeof.TicTacToe;
				PRODUCT_NAME = "$(TARGET_NAME)";
			};
			name = Release;
		};
/* End XCBuildConfiguration section */

/* Begin XCConfigurationList section */
		03B9E2141C9C4D650027E68B /* Build configuration list for PBXProject "TicTacToe" */ = {
			isa = XCConfigurationList;
			buildConfigurations = (
				03B9E2281C9C4D650027E68B /* Debug */,
				03B9E2291C9C4D650027E68B /* Release */,
			);
			defaultConfigurationIsVisible = 0;
			defaultConfigurationName = Release;
		};
		03B9E22A1C9C4D650027E68B /* Build configuration list for PBXNativeTarget "TicTacToe" */ = {
			isa = XCConfigurationList;
			buildConfigurations = (
				03B9E22B1C9C4D650027E68B /* Debug */,
				03B9E22C1C9C4D650027E68B /* Release */,
			);
			defaultConfigurationIsVisible = 0;
			defaultConfigurationName = Release;
		};
/* End XCConfigurationList section */
	};
	rootObject = 03B9E2111C9C4D650027E68B /* Project object */;
}
